// !$*UTF8*$!
{
	archiveVersion = 1;
	classes = {
	};
	objectVersion = 48;
	objects = {

/* Begin PBXBuildFile section */
		F5CA4BDE204C6D0500E13774 /* AppDelegate.swift in Sources */ = {isa = PBXBuildFile; fileRef = F5CA4BDD204C6D0500E13774 /* AppDelegate.swift */; };
		F5CA4BE0204C6D0500E13774 /* ViewController.swift in Sources */ = {isa = PBXBuildFile; fileRef = F5CA4BDF204C6D0500E13774 /* ViewController.swift */; };
		F5CA4BE3204C6D0500E13774 /* Main.storyboard in Resources */ = {isa = PBXBuildFile; fileRef = F5CA4BE1204C6D0500E13774 /* Main.storyboard */; };
		F5CA4BE5204C6D0500E13774 /* Assets.xcassets in Resources */ = {isa = PBXBuildFile; fileRef = F5CA4BE4204C6D0500E13774 /* Assets.xcassets */; };
		F5CA4BE8204C6D0500E13774 /* LaunchScreen.storyboard in Resources */ = {isa = PBXBuildFile; fileRef = F5CA4BE6204C6D0500E13774 /* LaunchScreen.storyboard */; };
		F5CA4BF3204C6D0500E13774 /* ScrollViewSliderTests.swift in Sources */ = {isa = PBXBuildFile; fileRef = F5CA4BF2204C6D0500E13774 /* ScrollViewSliderTests.swift */; };
		F5CA4BFE204C6D0500E13774 /* ScrollViewSliderUITests.swift in Sources */ = {isa = PBXBuildFile; fileRef = F5CA4BFD204C6D0500E13774 /* ScrollViewSliderUITests.swift */; };
		F5E0B0C4204D0B70008AFC6D /* SliderInsideTableView.swift in Sources */ = {isa = PBXBuildFile; fileRef = F5E0B0C3204D0B70008AFC6D /* SliderInsideTableView.swift */; };
/* End PBXBuildFile section */

/* Begin PBXContainerItemProxy section */
		F5CA4BEF204C6D0500E13774 /* PBXContainerItemProxy */ = {
			isa = PBXContainerItemProxy;
			containerPortal = F5CA4BD2204C6D0500E13774 /* Project object */;
			proxyType = 1;
			remoteGlobalIDString = F5CA4BD9204C6D0500E13774;
			remoteInfo = ScrollViewSlider;
		};
		F5CA4BFA204C6D0500E13774 /* PBXContainerItemProxy */ = {
			isa = PBXContainerItemProxy;
			containerPortal = F5CA4BD2204C6D0500E13774 /* Project object */;
			proxyType = 1;
			remoteGlobalIDString = F5CA4BD9204C6D0500E13774;
			remoteInfo = ScrollViewSlider;
		};
/* End PBXContainerItemProxy section */

/* Begin PBXFileReference section */
		F5CA4BDA204C6D0500E13774 /* ScrollViewSlider.app */ = {isa = PBXFileReference; explicitFileType = wrapper.application; includeInIndex = 0; path = ScrollViewSlider.app; sourceTree = BUILT_PRODUCTS_DIR; };
		F5CA4BDD204C6D0500E13774 /* AppDelegate.swift */ = {isa = PBXFileReference; lastKnownFileType = sourcecode.swift; path = AppDelegate.swift; sourceTree = "<group>"; };
		F5CA4BDF204C6D0500E13774 /* ViewController.swift */ = {isa = PBXFileReference; lastKnownFileType = sourcecode.swift; path = ViewController.swift; sourceTree = "<group>"; };
		F5CA4BE2204C6D0500E13774 /* Base */ = {isa = PBXFileReference; lastKnownFileType = file.storyboard; name = Base; path = Base.lproj/Main.storyboard; sourceTree = "<group>"; };
		F5CA4BE4204C6D0500E13774 /* Assets.xcassets */ = {isa = PBXFileReference; lastKnownFileType = folder.assetcatalog; path = Assets.xcassets; sourceTree = "<group>"; };
		F5CA4BE7204C6D0500E13774 /* Base */ = {isa = PBXFileReference; lastKnownFileType = file.storyboard; name = Base; path = Base.lproj/LaunchScreen.storyboard; sourceTree = "<group>"; };
		F5CA4BE9204C6D0500E13774 /* Info.plist */ = {isa = PBXFileReference; lastKnownFileType = text.plist.xml; path = Info.plist; sourceTree = "<group>"; };
		F5CA4BEE204C6D0500E13774 /* ScrollViewSliderTests.xctest */ = {isa = PBXFileReference; explicitFileType = wrapper.cfbundle; includeInIndex = 0; path = ScrollViewSliderTests.xctest; sourceTree = BUILT_PRODUCTS_DIR; };
		F5CA4BF2204C6D0500E13774 /* ScrollViewSliderTests.swift */ = {isa = PBXFileReference; lastKnownFileType = sourcecode.swift; path = ScrollViewSliderTests.swift; sourceTree = "<group>"; };
		F5CA4BF4204C6D0500E13774 /* Info.plist */ = {isa = PBXFileReference; lastKnownFileType = text.plist.xml; path = Info.plist; sourceTree = "<group>"; };
		F5CA4BF9204C6D0500E13774 /* ScrollViewSliderUITests.xctest */ = {isa = PBXFileReference; explicitFileType = wrapper.cfbundle; includeInIndex = 0; path = ScrollViewSliderUITests.xctest; sourceTree = BUILT_PRODUCTS_DIR; };
		F5CA4BFD204C6D0500E13774 /* ScrollViewSliderUITests.swift */ = {isa = PBXFileReference; lastKnownFileType = sourcecode.swift; path = ScrollViewSliderUITests.swift; sourceTree = "<group>"; };
		F5CA4BFF204C6D0500E13774 /* Info.plist */ = {isa = PBXFileReference; lastKnownFileType = text.plist.xml; path = Info.plist; sourceTree = "<group>"; };
		F5E0B0C3204D0B70008AFC6D /* SliderInsideTableView.swift */ = {isa = PBXFileReference; lastKnownFileType = sourcecode.swift; path = SliderInsideTableView.swift; sourceTree = "<group>"; };
/* End PBXFileReference section */

/* Begin PBXFrameworksBuildPhase section */
		F5CA4BD7204C6D0500E13774 /* Frameworks */ = {
			isa = PBXFrameworksBuildPhase;
			buildActionMask = 2147483647;
			files = (
			);
			runOnlyForDeploymentPostprocessing = 0;
		};
		F5CA4BEB204C6D0500E13774 /* Frameworks */ = {
			isa = PBXFrameworksBuildPhase;
			buildActionMask = 2147483647;
			files = (
			);
			runOnlyForDeploymentPostprocessing = 0;
		};
		F5CA4BF6204C6D0500E13774 /* Frameworks */ = {
			isa = PBXFrameworksBuildPhase;
			buildActionMask = 2147483647;
			files = (
			);
			runOnlyForDeploymentPostprocessing = 0;
		};
/* End PBXFrameworksBuildPhase section */

/* Begin PBXGroup section */
		F5CA4BD1204C6D0500E13774 = {
			isa = PBXGroup;
			children = (
				F5CA4BDC204C6D0500E13774 /* ScrollViewSlider */,
				F5CA4BF1204C6D0500E13774 /* ScrollViewSliderTests */,
				F5CA4BFC204C6D0500E13774 /* ScrollViewSliderUITests */,
				F5CA4BDB204C6D0500E13774 /* Products */,
			);
			sourceTree = "<group>";
		};
		F5CA4BDB204C6D0500E13774 /* Products */ = {
			isa = PBXGroup;
			children = (
				F5CA4BDA204C6D0500E13774 /* ScrollViewSlider.app */,
				F5CA4BEE204C6D0500E13774 /* ScrollViewSliderTests.xctest */,
				F5CA4BF9204C6D0500E13774 /* ScrollViewSliderUITests.xctest */,
			);
			name = Products;
			sourceTree = "<group>";
		};
		F5CA4BDC204C6D0500E13774 /* ScrollViewSlider */ = {
			isa = PBXGroup;
			children = (
				F5CA4BDD204C6D0500E13774 /* AppDelegate.swift */,
				F5CA4BDF204C6D0500E13774 /* ViewController.swift */,
				F5CA4BE1204C6D0500E13774 /* Main.storyboard */,
				F5CA4BE4204C6D0500E13774 /* Assets.xcassets */,
				F5E0B0C3204D0B70008AFC6D /* SliderInsideTableView.swift */,
				F5CA4BE6204C6D0500E13774 /* LaunchScreen.storyboard */,
				F5CA4BE9204C6D0500E13774 /* Info.plist */,
			);
			path = ScrollViewSlider;
			sourceTree = "<group>";
		};
		F5CA4BF1204C6D0500E13774 /* ScrollViewSliderTests */ = {
			isa = PBXGroup;
			children = (
				F5CA4BF2204C6D0500E13774 /* ScrollViewSliderTests.swift */,
				F5CA4BF4204C6D0500E13774 /* Info.plist */,
			);
			path = ScrollViewSliderTests;
			sourceTree = "<group>";
		};
		F5CA4BFC204C6D0500E13774 /* ScrollViewSliderUITests */ = {
			isa = PBXGroup;
			children = (
				F5CA4BFD204C6D0500E13774 /* ScrollViewSliderUITests.swift */,
				F5CA4BFF204C6D0500E13774 /* Info.plist */,
			);
			path = ScrollViewSliderUITests;
			sourceTree = "<group>";
		};
/* End PBXGroup section */

/* Begin PBXNativeTarget section */
		F5CA4BD9204C6D0500E13774 /* ScrollViewSlider */ = {
			isa = PBXNativeTarget;
			buildConfigurationList = F5CA4C02204C6D0500E13774 /* Build configuration list for PBXNativeTarget "ScrollViewSlider" */;
			buildPhases = (
				F5CA4BD6204C6D0500E13774 /* Sources */,
				F5CA4BD7204C6D0500E13774 /* Frameworks */,
				F5CA4BD8204C6D0500E13774 /* Resources */,
			);
			buildRules = (
			);
			dependencies = (
			);
			name = ScrollViewSlider;
			productName = ScrollViewSlider;
			productReference = F5CA4BDA204C6D0500E13774 /* ScrollViewSlider.app */;
			productType = "com.apple.product-type.application";
		};
		F5CA4BED204C6D0500E13774 /* ScrollViewSliderTests */ = {
			isa = PBXNativeTarget;
			buildConfigurationList = F5CA4C05204C6D0500E13774 /* Build configuration list for PBXNativeTarget "ScrollViewSliderTests" */;
			buildPhases = (
				F5CA4BEA204C6D0500E13774 /* Sources */,
				F5CA4BEB204C6D0500E13774 /* Frameworks */,
				F5CA4BEC204C6D0500E13774 /* Resources */,
			);
			buildRules = (
			);
			dependencies = (
				F5CA4BF0204C6D0500E13774 /* PBXTargetDependency */,
			);
			name = ScrollViewSliderTests;
			productName = ScrollViewSliderTests;
			productReference = F5CA4BEE204C6D0500E13774 /* ScrollViewSliderTests.xctest */;
			productType = "com.apple.product-type.bundle.unit-test";
		};
		F5CA4BF8204C6D0500E13774 /* ScrollViewSliderUITests */ = {
			isa = PBXNativeTarget;
			buildConfigurationList = F5CA4C08204C6D0500E13774 /* Build configuration list for PBXNativeTarget "ScrollViewSliderUITests" */;
			buildPhases = (
				F5CA4BF5204C6D0500E13774 /* Sources */,
				F5CA4BF6204C6D0500E13774 /* Frameworks */,
				F5CA4BF7204C6D0500E13774 /* Resources */,
			);
			buildRules = (
			);
			dependencies = (
				F5CA4BFB204C6D0500E13774 /* PBXTargetDependency */,
			);
			name = ScrollViewSliderUITests;
			productName = ScrollViewSliderUITests;
			productReference = F5CA4BF9204C6D0500E13774 /* ScrollViewSliderUITests.xctest */;
			productType = "com.apple.product-type.bundle.ui-testing";
		};
/* End PBXNativeTarget section */

/* Begin PBXProject section */
		F5CA4BD2204C6D0500E13774 /* Project object */ = {
			isa = PBXProject;
			attributes = {
				LastSwiftUpdateCheck = 0920;
				LastUpgradeCheck = 0920;
				ORGANIZATIONNAME = "Arslan Ali";
				TargetAttributes = {
					F5CA4BD9204C6D0500E13774 = {
						CreatedOnToolsVersion = 9.2;
						ProvisioningStyle = Automatic;
					};
					F5CA4BED204C6D0500E13774 = {
						CreatedOnToolsVersion = 9.2;
						ProvisioningStyle = Automatic;
						TestTargetID = F5CA4BD9204C6D0500E13774;
					};
					F5CA4BF8204C6D0500E13774 = {
						CreatedOnToolsVersion = 9.2;
						ProvisioningStyle = Automatic;
						TestTargetID = F5CA4BD9204C6D0500E13774;
					};
				};
			};
			buildConfigurationList = F5CA4BD5204C6D0500E13774 /* Build configuration list for PBXProject "ScrollViewSlider" */;
			compatibilityVersion = "Xcode 8.0";
			developmentRegion = en;
			hasScannedForEncodings = 0;
			knownRegions = (
				en,
				Base,
			);
			mainGroup = F5CA4BD1204C6D0500E13774;
			productRefGroup = F5CA4BDB204C6D0500E13774 /* Products */;
			projectDirPath = "";
			projectRoot = "";
			targets = (
				F5CA4BD9204C6D0500E13774 /* ScrollViewSlider */,
				F5CA4BED204C6D0500E13774 /* ScrollViewSliderTests */,
				F5CA4BF8204C6D0500E13774 /* ScrollViewSliderUITests */,
			);
		};
/* End PBXProject section */

/* Begin PBXResourcesBuildPhase section */
		F5CA4BD8204C6D0500E13774 /* Resources */ = {
			isa = PBXResourcesBuildPhase;
			buildActionMask = 2147483647;
			files = (
				F5CA4BE8204C6D0500E13774 /* LaunchScreen.storyboard in Resources */,
				F5CA4BE5204C6D0500E13774 /* Assets.xcassets in Resources */,
				F5CA4BE3204C6D0500E13774 /* Main.storyboard in Resources */,
			);
			runOnlyForDeploymentPostprocessing = 0;
		};
		F5CA4BEC204C6D0500E13774 /* Resources */ = {
			isa = PBXResourcesBuildPhase;
			buildActionMask = 2147483647;
			files = (
			);
			runOnlyForDeploymentPostprocessing = 0;
		};
		F5CA4BF7204C6D0500E13774 /* Resources */ = {
			isa = PBXResourcesBuildPhase;
			buildActionMask = 2147483647;
			files = (
			);
			runOnlyForDeploymentPostprocessing = 0;
		};
/* End PBXResourcesBuildPhase section */

/* Begin PBXSourcesBuildPhase section */
		F5CA4BD6204C6D0500E13774 /* Sources */ = {
			isa = PBXSourcesBuildPhase;
			buildActionMask = 2147483647;
			files = (
				F5E0B0C4204D0B70008AFC6D /* SliderInsideTableView.swift in Sources */,
				F5CA4BE0204C6D0500E13774 /* ViewController.swift in Sources */,
				F5CA4BDE204C6D0500E13774 /* AppDelegate.swift in Sources */,
			);
			runOnlyForDeploymentPostprocessing = 0;
		};
		F5CA4BEA204C6D0500E13774 /* Sources */ = {
			isa = PBXSourcesBuildPhase;
			buildActionMask = 2147483647;
			files = (
				F5CA4BF3204C6D0500E13774 /* ScrollViewSliderTests.swift in Sources */,
			);
			runOnlyForDeploymentPostprocessing = 0;
		};
		F5CA4BF5204C6D0500E13774 /* Sources */ = {
			isa = PBXSourcesBuildPhase;
			buildActionMask = 2147483647;
			files = (
				F5CA4BFE204C6D0500E13774 /* ScrollViewSliderUITests.swift in Sources */,
			);
			runOnlyForDeploymentPostprocessing = 0;
		};
/* End PBXSourcesBuildPhase section */

/* Begin PBXTargetDependency section */
		F5CA4BF0204C6D0500E13774 /* PBXTargetDependency */ = {
			isa = PBXTargetDependency;
			target = F5CA4BD9204C6D0500E13774 /* ScrollViewSlider */;
			targetProxy = F5CA4BEF204C6D0500E13774 /* PBXContainerItemProxy */;
		};
		F5CA4BFB204C6D0500E13774 /* PBXTargetDependency */ = {
			isa = PBXTargetDependency;
			target = F5CA4BD9204C6D0500E13774 /* ScrollViewSlider */;
			targetProxy = F5CA4BFA204C6D0500E13774 /* PBXContainerItemProxy */;
		};
/* End PBXTargetDependency section */

/* Begin PBXVariantGroup section */
		F5CA4BE1204C6D0500E13774 /* Main.storyboard */ = {
			isa = PBXVariantGroup;
			children = (
				F5CA4BE2204C6D0500E13774 /* Base */,
			);
			name = Main.storyboard;
			sourceTree = "<group>";
		};
		F5CA4BE6204C6D0500E13774 /* LaunchScreen.storyboard */ = {
			isa = PBXVariantGroup;
			children = (
				F5CA4BE7204C6D0500E13774 /* Base */,
			);
			name = LaunchScreen.storyboard;
			sourceTree = "<group>";
		};
/* End PBXVariantGroup section */

/* Begin XCBuildConfiguration section */
		F5CA4C00204C6D0500E13774 /* Debug */ = {
			isa = XCBuildConfiguration;
			buildSettings = {
				ALWAYS_SEARCH_USER_PATHS = NO;
				CLANG_ANALYZER_NONNULL = YES;
				CLANG_ANALYZER_NUMBER_OBJECT_CONVERSION = YES_AGGRESSIVE;
				CLANG_CXX_LANGUAGE_STANDARD = "gnu++14";
				CLANG_CXX_LIBRARY = "libc++";
				CLANG_ENABLE_MODULES = YES;
				CLANG_ENABLE_OBJC_ARC = YES;
				CLANG_WARN_BLOCK_CAPTURE_AUTORELEASING = YES;
				CLANG_WARN_BOOL_CONVERSION = YES;
				CLANG_WARN_COMMA = YES;
				CLANG_WARN_CONSTANT_CONVERSION = YES;
				CLANG_WARN_DIRECT_OBJC_ISA_USAGE = YES_ERROR;
				CLANG_WARN_DOCUMENTATION_COMMENTS = YES;
				CLANG_WARN_EMPTY_BODY = YES;
				CLANG_WARN_ENUM_CONVERSION = YES;
				CLANG_WARN_INFINITE_RECURSION = YES;
				CLANG_WARN_INT_CONVERSION = YES;
				CLANG_WARN_NON_LITERAL_NULL_CONVERSION = YES;
				CLANG_WARN_OBJC_LITERAL_CONVERSION = YES;
				CLANG_WARN_OBJC_ROOT_CLASS = YES_ERROR;
				CLANG_WARN_RANGE_LOOP_ANALYSIS = YES;
				CLANG_WARN_STRICT_PROTOTYPES = YES;
				CLANG_WARN_SUSPICIOUS_MOVE = YES;
				CLANG_WARN_UNGUARDED_AVAILABILITY = YES_AGGRESSIVE;
				CLANG_WARN_UNREACHABLE_CODE = YES;
				CLANG_WARN__DUPLICATE_METHOD_MATCH = YES;
				CODE_SIGN_IDENTITY = "iPhone Developer";
				COPY_PHASE_STRIP = NO;
				DEBUG_INFORMATION_FORMAT = dwarf;
				ENABLE_STRICT_OBJC_MSGSEND = YES;
				ENABLE_TESTABILITY = YES;
				GCC_C_LANGUAGE_STANDARD = gnu11;
				GCC_DYNAMIC_NO_PIC = NO;
				GCC_NO_COMMON_BLOCKS = YES;
				GCC_OPTIMIZATION_LEVEL = 0;
				GCC_PREPROCESSOR_DEFINITIONS = (
					"DEBUG=1",
					"$(inherited)",
				);
				GCC_WARN_64_TO_32_BIT_CONVERSION = YES;
				GCC_WARN_ABOUT_RETURN_TYPE = YES_ERROR;
				GCC_WARN_UNDECLARED_SELECTOR = YES;
				GCC_WARN_UNINITIALIZED_AUTOS = YES_AGGRESSIVE;
				GCC_WARN_UNUSED_FUNCTION = YES;
				GCC_WARN_UNUSED_VARIABLE = YES;
				IPHONEOS_DEPLOYMENT_TARGET = 11.2;
				MTL_ENABLE_DEBUG_INFO = YES;
				ONLY_ACTIVE_ARCH = YES;
				SDKROOT = iphoneos;
				SWIFT_ACTIVE_COMPILATION_CONDITIONS = DEBUG;
				SWIFT_OPTIMIZATION_LEVEL = "-Onone";
			};
			name = Debug;
		};
		F5CA4C01204C6D0500E13774 /* Release */ = {
			isa = XCBuildConfiguration;
			buildSettings = {
				ALWAYS_SEARCH_USER_PATHS = NO;
				CLANG_ANALYZER_NONNULL = YES;
				CLANG_ANALYZER_NUMBER_OBJECT_CONVERSION = YES_AGGRESSIVE;
				CLANG_CXX_LANGUAGE_STANDARD = "gnu++14";
				CLANG_CXX_LIBRARY = "libc++";
				CLANG_ENABLE_MODULES = YES;
				CLANG_ENABLE_OBJC_ARC = YES;
				CLANG_WARN_BLOCK_CAPTURE_AUTORELEASING = YES;
				CLANG_WARN_BOOL_CONVERSION = YES;
				CLANG_WARN_COMMA = YES;
				CLANG_WARN_CONSTANT_CONVERSION = YES;
				CLANG_WARN_DIRECT_OBJC_ISA_USAGE = YES_ERROR;
				CLANG_WARN_DOCUMENTATION_COMMENTS = YES;
				CLANG_WARN_EMPTY_BODY = YES;
				CLANG_WARN_ENUM_CONVERSION = YES;
				CLANG_WARN_INFINITE_RECURSION = YES;
				CLANG_WARN_INT_CONVERSION = YES;
				CLANG_WARN_NON_LITERAL_NULL_CONVERSION = YES;
				CLANG_WARN_OBJC_LITERAL_CONVERSION = YES;
				CLANG_WARN_OBJC_ROOT_CLASS = YES_ERROR;
				CLANG_WARN_RANGE_LOOP_ANALYSIS = YES;
				CLANG_WARN_STRICT_PROTOTYPES = YES;
				CLANG_WARN_SUSPICIOUS_MOVE = YES;
				CLANG_WARN_UNGUARDED_AVAILABILITY = YES_AGGRESSIVE;
				CLANG_WARN_UNREACHABLE_CODE = YES;
				CLANG_WARN__DUPLICATE_METHOD_MATCH = YES;
				CODE_SIGN_IDENTITY = "iPhone Developer";
				COPY_PHASE_STRIP = NO;
				DEBUG_INFORMATION_FORMAT = "dwarf-with-dsym";
				ENABLE_NS_ASSERTIONS = NO;
				ENABLE_STRICT_OBJC_MSGSEND = YES;
				GCC_C_LANGUAGE_STANDARD = gnu11;
				GCC_NO_COMMON_BLOCKS = YES;
				GCC_WARN_64_TO_32_BIT_CONVERSION = YES;
				GCC_WARN_ABOUT_RETURN_TYPE = YES_ERROR;
				GCC_WARN_UNDECLARED_SELECTOR = YES;
				GCC_WARN_UNINITIALIZED_AUTOS = YES_AGGRESSIVE;
				GCC_WARN_UNUSED_FUNCTION = YES;
				GCC_WARN_UNUSED_VARIABLE = YES;
				IPHONEOS_DEPLOYMENT_TARGET = 11.2;
				MTL_ENABLE_DEBUG_INFO = NO;
				SDKROOT = iphoneos;
				SWIFT_OPTIMIZATION_LEVEL = "-Owholemodule";
				VALIDATE_PRODUCT = YES;
			};
			name = Release;
		};
		F5CA4C03204C6D0500E13774 /* Debug */ = {
			isa = XCBuildConfiguration;
			buildSettings = {
				ASSETCATALOG_COMPILER_APPICON_NAME = AppIcon;
				CODE_SIGN_STYLE = Automatic;
				DEVELOPMENT_TEAM = 73VT64QA8S;
				INFOPLIST_FILE = ScrollViewSlider/Info.plist;
				LD_RUNPATH_SEARCH_PATHS = "$(inherited) @executable_path/Frameworks";
				PRODUCT_BUNDLE_IDENTIFIER = com.arslanali.ScrollViewSlider;
				PRODUCT_NAME = "$(TARGET_NAME)";
				SWIFT_VERSION = 4.0;
				TARGETED_DEVICE_FAMILY = "1,2";
			};
			name = Debug;
		};
		F5CA4C04204C6D0500E13774 /* Release */ = {
			isa = XCBuildConfiguration;
			buildSettings = {
				ASSETCATALOG_COMPILER_APPICON_NAME = AppIcon;
				CODE_SIGN_STYLE = Automatic;
				DEVELOPMENT_TEAM = 73VT64QA8S;
				INFOPLIST_FILE = ScrollViewSlider/Info.plist;
				LD_RUNPATH_SEARCH_PATHS = "$(inherited) @executable_path/Frameworks";
				PRODUCT_BUNDLE_IDENTIFIER = com.arslanali.ScrollViewSlider;
				PRODUCT_NAME = "$(TARGET_NAME)";
				SWIFT_VERSION = 4.0;
				TARGETED_DEVICE_FAMILY = "1,2";
			};
			name = Release;
		};
		F5CA4C06204C6D0500E13774 /* Debug */ = {
			isa = XCBuildConfiguration;
			buildSettings = {
				ALWAYS_EMBED_SWIFT_STANDARD_LIBRARIES = YES;
				BUNDLE_LOADER = "$(TEST_HOST)";
				CODE_SIGN_STYLE = Automatic;
				INFOPLIST_FILE = ScrollViewSliderTests/Info.plist;
				LD_RUNPATH_SEARCH_PATHS = "$(inherited) @executable_path/Frameworks @loader_path/Frameworks";
				PRODUCT_BUNDLE_IDENTIFIER = com.arslanali.ScrollViewSliderTests;
				PRODUCT_NAME = "$(TARGET_NAME)";
				SWIFT_VERSION = 4.0;
				TARGETED_DEVICE_FAMILY = "1,2";
				TEST_HOST = "$(BUILT_PRODUCTS_DIR)/ScrollViewSlider.app/ScrollViewSlider";
			};
			name = Debug;
		};
		F5CA4C07204C6D0500E13774 /* Release */ = {
			isa = XCBuildConfiguration;
			buildSettings = {
				ALWAYS_EMBED_SWIFT_STANDARD_LIBRARIES = YES;
				BUNDLE_LOADER = "$(TEST_HOST)";
				CODE_SIGN_STYLE = Automatic;
				INFOPLIST_FILE = ScrollViewSliderTests/Info.plist;
				LD_RUNPATH_SEARCH_PATHS = "$(inherited) @executable_path/Frameworks @loader_path/Frameworks";
				PRODUCT_BUNDLE_IDENTIFIER = com.arslanali.ScrollViewSliderTests;
				PRODUCT_NAME = "$(TARGET_NAME)";
				SWIFT_VERSION = 4.0;
				TARGETED_DEVICE_FAMILY = "1,2";
				TEST_HOST = "$(BUILT_PRODUCTS_DIR)/ScrollViewSlider.app/ScrollViewSlider";
			};
			name = Release;
		};
		F5CA4C09204C6D0500E13774 /* Debug */ = {
			isa = XCBuildConfiguration;
			buildSettings = {
				ALWAYS_EMBED_SWIFT_STANDARD_LIBRARIES = YES;
				CODE_SIGN_STYLE = Automatic;
				INFOPLIST_FILE = ScrollViewSliderUITests/Info.plist;
				LD_RUNPATH_SEARCH_PATHS = "$(inherited) @executable_path/Frameworks @loader_path/Frameworks";
				PRODUCT_BUNDLE_IDENTIFIER = com.arslanali.ScrollViewSliderUITests;
				PRODUCT_NAME = "$(TARGET_NAME)";
				SWIFT_VERSION = 4.0;
				TARGETED_DEVICE_FAMILY = "1,2";
				TEST_TARGET_NAME = ScrollViewSlider;
			};
			name = Debug;
		};
		F5CA4C0A204C6D0500E13774 /* Release */ = {
			isa = XCBuildConfiguration;
			buildSettings = {
				ALWAYS_EMBED_SWIFT_STANDARD_LIBRARIES = YES;
				CODE_SIGN_STYLE = Automatic;
				INFOPLIST_FILE = ScrollViewSliderUITests/Info.plist;
				LD_RUNPATH_SEARCH_PATHS = "$(inherited) @executable_path/Frameworks @loader_path/Frameworks";
				PRODUCT_BUNDLE_IDENTIFIER = com.arslanali.ScrollViewSliderUITests;
				PRODUCT_NAME = "$(TARGET_NAME)";
				SWIFT_VERSION = 4.0;
				TARGETED_DEVICE_FAMILY = "1,2";
				TEST_TARGET_NAME = ScrollViewSlider;
			};
			name = Release;
		};
/* End XCBuildConfiguration section */

/* Begin XCConfigurationList section */
		F5CA4BD5204C6D0500E13774 /* Build configuration list for PBXProject "ScrollViewSlider" */ = {
			isa = XCConfigurationList;
			buildConfigurations = (
				F5CA4C00204C6D0500E13774 /* Debug */,
				F5CA4C01204C6D0500E13774 /* Release */,
			);
			defaultConfigurationIsVisible = 0;
			defaultConfigurationName = Release;
		};
		F5CA4C02204C6D0500E13774 /* Build configuration list for PBXNativeTarget "ScrollViewSlider" */ = {
			isa = XCConfigurationList;
			buildConfigurations = (
				F5CA4C03204C6D0500E13774 /* Debug */,
				F5CA4C04204C6D0500E13774 /* Release */,
			);
			defaultConfigurationIsVisible = 0;
			defaultConfigurationName = Release;
		};
		F5CA4C05204C6D0500E13774 /* Build configuration list for PBXNativeTarget "ScrollViewSliderTests" */ = {
			isa = XCConfigurationList;
			buildConfigurations = (
				F5CA4C06204C6D0500E13774 /* Debug */,
				F5CA4C07204C6D0500E13774 /* Release */,
			);
			defaultConfigurationIsVisible = 0;
			defaultConfigurationName = Release;
		};
		F5CA4C08204C6D0500E13774 /* Build configuration list for PBXNativeTarget "ScrollViewSliderUITests" */ = {
			isa = XCConfigurationList;
			buildConfigurations = (
				F5CA4C09204C6D0500E13774 /* Debug */,
				F5CA4C0A204C6D0500E13774 /* Release */,
			);
			defaultConfigurationIsVisible = 0;
			defaultConfigurationName = Release;
		};
/* End XCConfigurationList section */
	};
	rootObject = F5CA4BD2204C6D0500E13774 /* Project object */;
}
